
Microsoft Visual Studio Solution File, Format Version 12.00
# Visual Studio Version 17
VisualStudioVersion = 17.14.36717.8
MinimumVisualStudioVersion = 10.0.40219.1
Project("{8BC9CEB8-8B4A-11D0-8D11-00A0C91BC942}") = "plugK", "plugK\plugK.vcxproj", "{14265A26-9D56-4A7D-B0FC-D2FBA8AF8DE3}"
	ProjectSection(ProjectDependencies) = postProject
		{797C3467-BA8B-4639-8E09-F151BF36AA37} = {797C3467-BA8B-4639-8E09-F151BF36AA37}
	EndProjectSection
EndProject
Project("{8BC9CEB8-8B4A-11D0-8D11-00A0C91BC942}") = "plugKLoader", "loader\plugKLoader.vcxproj", "{0B1CD4AB-24AE-41D0-8EBC-62E032E2BD66}"
	ProjectSection(ProjectDependencies) = postProject
		{14265A26-9D56-4A7D-B0FC-D2FBA8AF8DE3} = {14265A26-9D56-4A7D-B0FC-D2FBA8AF8DE3}
		{797C3467-BA8B-4639-8E09-F151BF36AA37} = {797C3467-BA8B-4639-8E09-F151BF36AA37}
	EndProjectSection
EndProject
Project("{8BC9CEB8-8B4A-11D0-8D11-00A0C91BC942}") = "config", "config\config.vcxproj", "{797C3467-BA8B-4639-8E09-F151BF36AA37}"
EndProject
Global
	GlobalSection(SolutionConfigurationPlatforms) = preSolution
		Debug|x64 = Debug|x64
		Debug|x86 = Debug|x86
		Release|x64 = Release|x64
		Release|x86 = Release|x86
	EndGlobalSection
	GlobalSection(ProjectConfigurationPlatforms) = postSolution
		{14265A26-9D56-4A7D-B0FC-D2FBA8AF8DE3}.Debug|x64.ActiveCfg = Debug|x64
		{14265A26-9D56-4A7D-B0FC-D2FBA8AF8DE3}.Debug|x64.Build.0 = Debug|x64
		{14265A26-9D56-4A7D-B0FC-D2FBA8AF8DE3}.Debug|x86.ActiveCfg = Debug|Win32
		{14265A26-9D56-4A7D-B0FC-D2FBA8AF8DE3}.Debug|x86.Build.0 = Debug|Win32
		{14265A26-9D56-4A7D-B0FC-D2FBA8AF8DE3}.Release|x64.ActiveCfg = Release|x64
		{14265A26-9D56-4A7D-B0FC-D2FBA8AF8DE3}.Release|x64.Build.0 = Release|x64
		{14265A26-9D56-4A7D-B0FC-D2FBA8AF8DE3}.Release|x86.ActiveCfg = Release|Win32
		{14265A26-9D56-4A7D-B0FC-D2FBA8AF8DE3}.Release|x86.Build.0 = Release|Win32
		{0B1CD4AB-24AE-41D0-8EBC-62E032E2BD66}.Debug|x64.ActiveCfg = Debug|x64
		{0B1CD4AB-24AE-41D0-8EBC-62E032E2BD66}.Debug|x64.Build.0 = Debug|x64
		{0B1CD4AB-24AE-41D0-8EBC-62E032E2BD66}.Debug|x86.ActiveCfg = Debug|Win32
		{0B1CD4AB-24AE-41D0-8EBC-62E032E2BD66}.Debug|x86.Build.0 = Debug|Win32
		{0B1CD4AB-24AE-41D0-8EBC-62E032E2BD66}.Release|x64.ActiveCfg = Release|x64
		{0B1CD4AB-24AE-41D0-8EBC-62E032E2BD66}.Release|x64.Build.0 = Release|x64
		{0B1CD4AB-24AE-41D0-8EBC-62E032E2BD66}.Release|x86.ActiveCfg = Release|Win32
		{0B1CD4AB-24AE-41D0-8EBC-62E032E2BD66}.Release|x86.Build.0 = Release|Win32
		{797C3467-BA8B-4639-8E09-F151BF36AA37}.Debug|x64.ActiveCfg = Debug|x64
		{797C3467-BA8B-4639-8E09-F151BF36AA37}.Debug|x64.Build.0 = Debug|x64
		{797C3467-BA8B-4639-8E09-F151BF36AA37}.Debug|x86.ActiveCfg = Debug|Win32
		{797C3467-BA8B-4639-8E09-F151BF36AA37}.Debug|x86.Build.0 = Debug|Win32
		{797C3467-BA8B-4639-8E09-F151BF36AA37}.Release|x64.ActiveCfg = Release|x64
		{797C3467-BA8B-4639-8E09-F151BF36AA37}.Release|x64.Build.0 = Release|x64
		{797C3467-BA8B-4639-8E09-F151BF36AA37}.Release|x86.ActiveCfg = Release|Win32
		{797C3467-BA8B-4639-8E09-F151BF36AA37}.Release|x86.Build.0 = Release|Win32
	EndGlobalSection
	GlobalSection(SolutionProperties) = preSolution
		HideSolutionNode = FALSE
	EndGlobalSection
	GlobalSection(ExtensibilityGlobals) = postSolution
		SolutionGuid = {D1C127F9-E5CA-492E-A108-4CBC34A43556}
	EndGlobalSection
EndGlobal
