
Microsoft Visual Studio Solution File, Format Version 12.00
# Visual Studio Version 17
VisualStudioVersion = 17.14.36717.8
MinimumVisualStudioVersion = 10.0.40219.1
Project("{8BC9CEB8-8B4A-11D0-8D11-00A0C91BC942}") = "plugK", "plugK\plugK.vcxproj", "{14265A26-9D56-4A7D-B0FC-D2FBA8AF8DE3}"
EndProject
Project("{2150E333-8FDC-42A3-9474-1A3956D46DE8}") = "解决方案项", "解决方案项", "{9FA3D6BD-1EC1-3BA5-80CB-CE02773A58D5}"
	ProjectSection(SolutionItems) = preProject
		version_info.h = version_info.h
	EndProjectSection
EndProject
Project("{8BC9CEB8-8B4A-11D0-8D11-00A0C91BC942}") = "plugKLauncher", "launcher\launcher.vcxproj", "{20157A81-7BFC-C560-8667-FF22CF9A99A2}"
EndProject
Project("{8BC9CEB8-8B4A-11D0-8D11-00A0C91BC942}") = "PlugKLauncherHook", "launcher_hook\launcher_hook.vcxproj", "{7F5D9B1A-0FD7-4F2D-8EF5-1D257CA6F436}"
EndProject
Global
	GlobalSection(SolutionConfigurationPlatforms) = preSolution
		Debug|x64 = Debug|x64
		Debug|x86 = Debug|x86
		Release|x64 = Release|x64
		Release|x86 = Release|x86
	EndGlobalSection
	GlobalSection(ProjectConfigurationPlatforms) = postSolution
		{14265A26-9D56-4A7D-B0FC-D2FBA8AF8DE3}.Debug|x64.ActiveCfg = Debug|x64
		{14265A26-9D56-4A7D-B0FC-D2FBA8AF8DE3}.Debug|x64.Build.0 = Debug|x64
		{14265A26-9D56-4A7D-B0FC-D2FBA8AF8DE3}.Debug|x86.ActiveCfg = Debug|Win32
		{14265A26-9D56-4A7D-B0FC-D2FBA8AF8DE3}.Debug|x86.Build.0 = Debug|Win32
		{14265A26-9D56-4A7D-B0FC-D2FBA8AF8DE3}.Release|x64.ActiveCfg = Release|x64
		{14265A26-9D56-4A7D-B0FC-D2FBA8AF8DE3}.Release|x64.Build.0 = Release|x64
		{14265A26-9D56-4A7D-B0FC-D2FBA8AF8DE3}.Release|x86.ActiveCfg = Release|Win32
		{14265A26-9D56-4A7D-B0FC-D2FBA8AF8DE3}.Release|x86.Build.0 = Release|Win32
		{20157A81-7BFC-C560-8667-FF22CF9A99A2}.Debug|x64.ActiveCfg = Debug|Win32
		{20157A81-7BFC-C560-8667-FF22CF9A99A2}.Debug|x64.Build.0 = Debug|Win32
		{20157A81-7BFC-C560-8667-FF22CF9A99A2}.Debug|x86.ActiveCfg = Debug|Win32
		{20157A81-7BFC-C560-8667-FF22CF9A99A2}.Debug|x86.Build.0 = Debug|Win32
		{20157A81-7BFC-C560-8667-FF22CF9A99A2}.Release|x64.ActiveCfg = Release|Win32
		{20157A81-7BFC-C560-8667-FF22CF9A99A2}.Release|x64.Build.0 = Release|Win32
		{20157A81-7BFC-C560-8667-FF22CF9A99A2}.Release|x86.ActiveCfg = Release|Win32
		{20157A81-7BFC-C560-8667-FF22CF9A99A2}.Release|x86.Build.0 = Release|Win32
		{7F5D9B1A-0FD7-4F2D-8EF5-1D257CA6F436}.Debug|x64.ActiveCfg = Debug|Win32
		{7F5D9B1A-0FD7-4F2D-8EF5-1D257CA6F436}.Debug|x64.Build.0 = Debug|Win32
		{7F5D9B1A-0FD7-4F2D-8EF5-1D257CA6F436}.Debug|x86.ActiveCfg = Debug|Win32
		{7F5D9B1A-0FD7-4F2D-8EF5-1D257CA6F436}.Debug|x86.Build.0 = Debug|Win32
		{7F5D9B1A-0FD7-4F2D-8EF5-1D257CA6F436}.Release|x64.ActiveCfg = Release|Win32
		{7F5D9B1A-0FD7-4F2D-8EF5-1D257CA6F436}.Release|x64.Build.0 = Release|Win32
		{7F5D9B1A-0FD7-4F2D-8EF5-1D257CA6F436}.Release|x86.ActiveCfg = Release|Win32
		{7F5D9B1A-0FD7-4F2D-8EF5-1D257CA6F436}.Release|x86.Build.0 = Release|Win32
	EndGlobalSection
	GlobalSection(SolutionProperties) = preSolution
		HideSolutionNode = FALSE
	EndGlobalSection
	GlobalSection(ExtensibilityGlobals) = postSolution
		SolutionGuid = {D1C127F9-E5CA-492E-A108-4CBC34A43556}
	EndGlobalSection
EndGlobal
